
Microsoft Visual Studio Solution File, Format Version 12.00
# Visual Studio Version 17
VisualStudioVersion = 17.5.33414.496
MinimumVisualStudioVersion = 10.0.40219.1
Project("{FAE04EC0-301F-11D3-BF4B-00C04F79EFBC}") = "FunctionApp-WebMvc-Sample", "FunctionApp-WebMvc-Sample\FunctionApp-WebMvc-Sample.csproj", "{9FC9A7A7-FE79-45AD-A2DF-7763D64482E5}"
EndProject
Global
	GlobalSection(SolutionConfigurationPlatforms) = preSolution
		Debug|Any CPU = Debug|Any CPU
		Release|Any CPU = Release|Any CPU
	EndGlobalSection
	GlobalSection(ProjectConfigurationPlatforms) = postSolution
		{9FC9A7A7-FE79-45AD-A2DF-7763D64482E5}.Debug|Any CPU.ActiveCfg = Debug|Any CPU
		{9FC9A7A7-FE79-45AD-A2DF-7763D64482E5}.Debug|Any CPU.Build.0 = Debug|Any CPU
		{9FC9A7A7-FE79-45AD-A2DF-7763D64482E5}.Release|Any CPU.ActiveCfg = Release|Any CPU
		{9FC9A7A7-FE79-45AD-A2DF-7763D64482E5}.Release|Any CPU.Build.0 = Release|Any CPU
	EndGlobalSection
	GlobalSection(SolutionProperties) = preSolution
		HideSolutionNode = FALSE
	EndGlobalSection
	GlobalSection(ExtensibilityGlobals) = postSolution
		SolutionGuid = {F389B1F9-F29B-4F1B-B07F-BB21603F273F}
	EndGlobalSection
EndGlobal
